// !$*UTF8*$!
{
	archiveVersion = 1;
	classes = {
	};
	objectVersion = 51;
	objects = {

/* Begin PBXBuildFile section */
		2EF16261FF542AB1DE26A572 /* Pods_JetManan.framework in Frameworks */ = {isa = PBXBuildFile; fileRef = 67714613788164CA65A93B85 /* Pods_JetManan.framework */; };
		843FF7A9A8659CCFD8872BBD /* Pods_JetMananTests.framework in Frameworks */ = {isa = PBXBuildFile; fileRef = 028B6E2DB99D2231E828D320 /* Pods_JetMananTests.framework */; };
		9B6C97C124922BBA0088EE6F /* AppDelegate.swift in Sources */ = {isa = PBXBuildFile; fileRef = 9B6C97C024922BBA0088EE6F /* AppDelegate.swift */; };
		9B6C97C324922BBA0088EE6F /* SceneDelegate.swift in Sources */ = {isa = PBXBuildFile; fileRef = 9B6C97C224922BBA0088EE6F /* SceneDelegate.swift */; };
		9B6C97C824922BBA0088EE6F /* Main.storyboard in Resources */ = {isa = PBXBuildFile; fileRef = 9B6C97C624922BBA0088EE6F /* Main.storyboard */; };
		9B6C97CB24922BBA0088EE6F /* JetManan.xcdatamodeld in Sources */ = {isa = PBXBuildFile; fileRef = 9B6C97C924922BBA0088EE6F /* JetManan.xcdatamodeld */; };
		9B6C97CD24922BBD0088EE6F /* Assets.xcassets in Resources */ = {isa = PBXBuildFile; fileRef = 9B6C97CC24922BBD0088EE6F /* Assets.xcassets */; };
		9B6C97D024922BBD0088EE6F /* LaunchScreen.storyboard in Resources */ = {isa = PBXBuildFile; fileRef = 9B6C97CE24922BBD0088EE6F /* LaunchScreen.storyboard */; };
		9B6C97DB24922BBD0088EE6F /* JetMananTests.swift in Sources */ = {isa = PBXBuildFile; fileRef = 9B6C97DA24922BBD0088EE6F /* JetMananTests.swift */; };
		9B6C97E624922BBD0088EE6F /* JetMananUITests.swift in Sources */ = {isa = PBXBuildFile; fileRef = 9B6C97E524922BBD0088EE6F /* JetMananUITests.swift */; };
		9B6C97FE249252FC0088EE6F /* ArticleDetailCell.swift in Sources */ = {isa = PBXBuildFile; fileRef = 9B6C97FC249252FC0088EE6F /* ArticleDetailCell.swift */; };
		9B6C97FF249252FC0088EE6F /* ArticleDetailCell.xib in Resources */ = {isa = PBXBuildFile; fileRef = 9B6C97FD249252FC0088EE6F /* ArticleDetailCell.xib */; };
		9B6C980224925C700088EE6F /* ArticleVC.swift in Sources */ = {isa = PBXBuildFile; fileRef = 9B6C980124925C700088EE6F /* ArticleVC.swift */; };
		9B6C980E2493350A0088EE6F /* ArticleDetailModel.swift in Sources */ = {isa = PBXBuildFile; fileRef = 9B6C980D2493350A0088EE6F /* ArticleDetailModel.swift */; };
		9B6C981224933FFC0088EE6F /* NetworkManager.swift in Sources */ = {isa = PBXBuildFile; fileRef = 9B6C981124933FFC0088EE6F /* NetworkManager.swift */; };
		9B6C9814249340120088EE6F /* APIData.swift in Sources */ = {isa = PBXBuildFile; fileRef = 9B6C9813249340120088EE6F /* APIData.swift */; };
		9B6C9816249340260088EE6F /* URLData.swift in Sources */ = {isa = PBXBuildFile; fileRef = 9B6C9815249340260088EE6F /* URLData.swift */; };
		9B6C9818249340380088EE6F /* ImageLoader.swift in Sources */ = {isa = PBXBuildFile; fileRef = 9B6C9817249340380088EE6F /* ImageLoader.swift */; };
		9B6C981A2493429C0088EE6F /* ArticleVIewModel.swift in Sources */ = {isa = PBXBuildFile; fileRef = 9B6C98192493429C0088EE6F /* ArticleVIewModel.swift */; };
		9B6C981D2494016E0088EE6F /* CoreDataManager.swift in Sources */ = {isa = PBXBuildFile; fileRef = 9B6C981C2494016E0088EE6F /* CoreDataManager.swift */; };
		9B6C981F24947B820088EE6F /* Rechability.swift in Sources */ = {isa = PBXBuildFile; fileRef = 9B6C981E24947B820088EE6F /* Rechability.swift */; };
		BBBF5B394CA68A6A82300AC0 /* Pods_JetManan_JetMananUITests.framework in Frameworks */ = {isa = PBXBuildFile; fileRef = 273C6303490EA356BAA3D640 /* Pods_JetManan_JetMananUITests.framework */; };
/* End PBXBuildFile section */

/* Begin PBXContainerItemProxy section */
		9B6C97D724922BBD0088EE6F /* PBXContainerItemProxy */ = {
			isa = PBXContainerItemProxy;
			containerPortal = 9B6C97B524922BBA0088EE6F /* Project object */;
			proxyType = 1;
			remoteGlobalIDString = 9B6C97BC24922BBA0088EE6F;
			remoteInfo = JetManan;
		};
		9B6C97E224922BBD0088EE6F /* PBXContainerItemProxy */ = {
			isa = PBXContainerItemProxy;
			containerPortal = 9B6C97B524922BBA0088EE6F /* Project object */;
			proxyType = 1;
			remoteGlobalIDString = 9B6C97BC24922BBA0088EE6F;
			remoteInfo = JetManan;
		};
/* End PBXContainerItemProxy section */

/* Begin PBXFileReference section */
		028B6E2DB99D2231E828D320 /* Pods_JetMananTests.framework */ = {isa = PBXFileReference; explicitFileType = wrapper.framework; includeInIndex = 0; path = Pods_JetMananTests.framework; sourceTree = BUILT_PRODUCTS_DIR; };
		273C6303490EA356BAA3D640 /* Pods_JetManan_JetMananUITests.framework */ = {isa = PBXFileReference; explicitFileType = wrapper.framework; includeInIndex = 0; path = Pods_JetManan_JetMananUITests.framework; sourceTree = BUILT_PRODUCTS_DIR; };
		48D11D1F131A27E3DE3A99F0 /* Pods-JetManan.release.xcconfig */ = {isa = PBXFileReference; includeInIndex = 1; lastKnownFileType = text.xcconfig; name = "Pods-JetManan.release.xcconfig"; path = "Target Support Files/Pods-JetManan/Pods-JetManan.release.xcconfig"; sourceTree = "<group>"; };
		4F09F7BD9577CABC096D8FF6 /* Pods-JetManan-JetMananUITests.debug.xcconfig */ = {isa = PBXFileReference; includeInIndex = 1; lastKnownFileType = text.xcconfig; name = "Pods-JetManan-JetMananUITests.debug.xcconfig"; path = "Target Support Files/Pods-JetManan-JetMananUITests/Pods-JetManan-JetMananUITests.debug.xcconfig"; sourceTree = "<group>"; };
		67714613788164CA65A93B85 /* Pods_JetManan.framework */ = {isa = PBXFileReference; explicitFileType = wrapper.framework; includeInIndex = 0; path = Pods_JetManan.framework; sourceTree = BUILT_PRODUCTS_DIR; };
		78B27DFE813C2776FDFA771C /* Pods-JetManan.debug.xcconfig */ = {isa = PBXFileReference; includeInIndex = 1; lastKnownFileType = text.xcconfig; name = "Pods-JetManan.debug.xcconfig"; path = "Target Support Files/Pods-JetManan/Pods-JetManan.debug.xcconfig"; sourceTree = "<group>"; };
		9B6C97BD24922BBA0088EE6F /* JetManan.app */ = {isa = PBXFileReference; explicitFileType = wrapper.application; includeInIndex = 0; path = JetManan.app; sourceTree = BUILT_PRODUCTS_DIR; };
		9B6C97C024922BBA0088EE6F /* AppDelegate.swift */ = {isa = PBXFileReference; lastKnownFileType = sourcecode.swift; path = AppDelegate.swift; sourceTree = "<group>"; };
		9B6C97C224922BBA0088EE6F /* SceneDelegate.swift */ = {isa = PBXFileReference; lastKnownFileType = sourcecode.swift; path = SceneDelegate.swift; sourceTree = "<group>"; };
		9B6C97C724922BBA0088EE6F /* Base */ = {isa = PBXFileReference; lastKnownFileType = file.storyboard; name = Base; path = Base.lproj/Main.storyboard; sourceTree = "<group>"; };
		9B6C97CA24922BBA0088EE6F /* JetManan.xcdatamodel */ = {isa = PBXFileReference; lastKnownFileType = wrapper.xcdatamodel; path = JetManan.xcdatamodel; sourceTree = "<group>"; };
		9B6C97CC24922BBD0088EE6F /* Assets.xcassets */ = {isa = PBXFileReference; lastKnownFileType = folder.assetcatalog; path = Assets.xcassets; sourceTree = "<group>"; };
		9B6C97CF24922BBD0088EE6F /* Base */ = {isa = PBXFileReference; lastKnownFileType = file.storyboard; name = Base; path = Base.lproj/LaunchScreen.storyboard; sourceTree = "<group>"; };
		9B6C97D124922BBD0088EE6F /* Info.plist */ = {isa = PBXFileReference; lastKnownFileType = text.plist.xml; path = Info.plist; sourceTree = "<group>"; };
		9B6C97D624922BBD0088EE6F /* JetMananTests.xctest */ = {isa = PBXFileReference; explicitFileType = wrapper.cfbundle; includeInIndex = 0; path = JetMananTests.xctest; sourceTree = BUILT_PRODUCTS_DIR; };
		9B6C97DA24922BBD0088EE6F /* JetMananTests.swift */ = {isa = PBXFileReference; lastKnownFileType = sourcecode.swift; path = JetMananTests.swift; sourceTree = "<group>"; };
		9B6C97DC24922BBD0088EE6F /* Info.plist */ = {isa = PBXFileReference; lastKnownFileType = text.plist.xml; path = Info.plist; sourceTree = "<group>"; };
		9B6C97E124922BBD0088EE6F /* JetMananUITests.xctest */ = {isa = PBXFileReference; explicitFileType = wrapper.cfbundle; includeInIndex = 0; path = JetMananUITests.xctest; sourceTree = BUILT_PRODUCTS_DIR; };
		9B6C97E524922BBD0088EE6F /* JetMananUITests.swift */ = {isa = PBXFileReference; lastKnownFileType = sourcecode.swift; path = JetMananUITests.swift; sourceTree = "<group>"; };
		9B6C97E724922BBD0088EE6F /* Info.plist */ = {isa = PBXFileReference; lastKnownFileType = text.plist.xml; path = Info.plist; sourceTree = "<group>"; };
		9B6C97FC249252FC0088EE6F /* ArticleDetailCell.swift */ = {isa = PBXFileReference; lastKnownFileType = sourcecode.swift; path = ArticleDetailCell.swift; sourceTree = "<group>"; };
		9B6C97FD249252FC0088EE6F /* ArticleDetailCell.xib */ = {isa = PBXFileReference; lastKnownFileType = file.xib; path = ArticleDetailCell.xib; sourceTree = "<group>"; };
		9B6C980124925C700088EE6F /* ArticleVC.swift */ = {isa = PBXFileReference; lastKnownFileType = sourcecode.swift; path = ArticleVC.swift; sourceTree = "<group>"; };
		9B6C980D2493350A0088EE6F /* ArticleDetailModel.swift */ = {isa = PBXFileReference; lastKnownFileType = sourcecode.swift; path = ArticleDetailModel.swift; sourceTree = "<group>"; };
		9B6C981124933FFC0088EE6F /* NetworkManager.swift */ = {isa = PBXFileReference; lastKnownFileType = sourcecode.swift; path = NetworkManager.swift; sourceTree = "<group>"; };
		9B6C9813249340120088EE6F /* APIData.swift */ = {isa = PBXFileReference; lastKnownFileType = sourcecode.swift; path = APIData.swift; sourceTree = "<group>"; };
		9B6C9815249340260088EE6F /* URLData.swift */ = {isa = PBXFileReference; lastKnownFileType = sourcecode.swift; path = URLData.swift; sourceTree = "<group>"; };
		9B6C9817249340380088EE6F /* ImageLoader.swift */ = {isa = PBXFileReference; lastKnownFileType = sourcecode.swift; path = ImageLoader.swift; sourceTree = "<group>"; };
		9B6C98192493429C0088EE6F /* ArticleVIewModel.swift */ = {isa = PBXFileReference; lastKnownFileType = sourcecode.swift; path = ArticleVIewModel.swift; sourceTree = "<group>"; };
		9B6C981C2494016E0088EE6F /* CoreDataManager.swift */ = {isa = PBXFileReference; lastKnownFileType = sourcecode.swift; path = CoreDataManager.swift; sourceTree = "<group>"; };
		9B6C981E24947B820088EE6F /* Rechability.swift */ = {isa = PBXFileReference; lastKnownFileType = sourcecode.swift; path = Rechability.swift; sourceTree = "<group>"; };
		B08785F57F78D45808E8AE79 /* Pods-JetManan-JetMananUITests.release.xcconfig */ = {isa = PBXFileReference; includeInIndex = 1; lastKnownFileType = text.xcconfig; name = "Pods-JetManan-JetMananUITests.release.xcconfig"; path = "Target Support Files/Pods-JetManan-JetMananUITests/Pods-JetManan-JetMananUITests.release.xcconfig"; sourceTree = "<group>"; };
		BA58E7B7D8B8AF4CC6514933 /* Pods-JetMananTests.debug.xcconfig */ = {isa = PBXFileReference; includeInIndex = 1; lastKnownFileType = text.xcconfig; name = "Pods-JetMananTests.debug.xcconfig"; path = "Target Support Files/Pods-JetMananTests/Pods-JetMananTests.debug.xcconfig"; sourceTree = "<group>"; };
		D4DE17063583D044B8968704 /* Pods-JetMananTests.release.xcconfig */ = {isa = PBXFileReference; includeInIndex = 1; lastKnownFileType = text.xcconfig; name = "Pods-JetMananTests.release.xcconfig"; path = "Target Support Files/Pods-JetMananTests/Pods-JetMananTests.release.xcconfig"; sourceTree = "<group>"; };
/* End PBXFileReference section */

/* Begin PBXFrameworksBuildPhase section */
		9B6C97BA24922BBA0088EE6F /* Frameworks */ = {
			isa = PBXFrameworksBuildPhase;
			buildActionMask = 2147483647;
			files = (
				2EF16261FF542AB1DE26A572 /* Pods_JetManan.framework in Frameworks */,
			);
			runOnlyForDeploymentPostprocessing = 0;
		};
		9B6C97D324922BBD0088EE6F /* Frameworks */ = {
			isa = PBXFrameworksBuildPhase;
			buildActionMask = 2147483647;
			files = (
				843FF7A9A8659CCFD8872BBD /* Pods_JetMananTests.framework in Frameworks */,
			);
			runOnlyForDeploymentPostprocessing = 0;
		};
		9B6C97DE24922BBD0088EE6F /* Frameworks */ = {
			isa = PBXFrameworksBuildPhase;
			buildActionMask = 2147483647;
			files = (
				BBBF5B394CA68A6A82300AC0 /* Pods_JetManan_JetMananUITests.framework in Frameworks */,
			);
			runOnlyForDeploymentPostprocessing = 0;
		};
/* End PBXFrameworksBuildPhase section */

/* Begin PBXGroup section */
		9B6C97B424922BBA0088EE6F = {
			isa = PBXGroup;
			children = (
				9B6C97BF24922BBA0088EE6F /* JetManan */,
				9B6C97D924922BBD0088EE6F /* JetMananTests */,
				9B6C97E424922BBD0088EE6F /* JetMananUITests */,
				9B6C97BE24922BBA0088EE6F /* Products */,
				F0BA51F6A422AFCB71E1767F /* Pods */,
				F51A9F8EC6AC182033351F86 /* Frameworks */,
			);
			sourceTree = "<group>";
		};
		9B6C97BE24922BBA0088EE6F /* Products */ = {
			isa = PBXGroup;
			children = (
				9B6C97BD24922BBA0088EE6F /* JetManan.app */,
				9B6C97D624922BBD0088EE6F /* JetMananTests.xctest */,
				9B6C97E124922BBD0088EE6F /* JetMananUITests.xctest */,
			);
			name = Products;
			sourceTree = "<group>";
		};
		9B6C97BF24922BBA0088EE6F /* JetManan */ = {
			isa = PBXGroup;
			children = (
				9B6C981B249401530088EE6F /* Data */,
				9B6C980324928D100088EE6F /* Network */,
				9B6C980024925C4D0088EE6F /* ViewControllers */,
				9B6C97F5249251310088EE6F /* ViewModels */,
				9B6C97F4249251270088EE6F /* Views */,
				9B6C97F32492511C0088EE6F /* Models */,
				9B6C97C024922BBA0088EE6F /* AppDelegate.swift */,
				9B6C97C224922BBA0088EE6F /* SceneDelegate.swift */,
				9B6C97C624922BBA0088EE6F /* Main.storyboard */,
				9B6C97CC24922BBD0088EE6F /* Assets.xcassets */,
				9B6C97CE24922BBD0088EE6F /* LaunchScreen.storyboard */,
				9B6C97D124922BBD0088EE6F /* Info.plist */,
			);
			path = JetManan;
			sourceTree = "<group>";
		};
		9B6C97D924922BBD0088EE6F /* JetMananTests */ = {
			isa = PBXGroup;
			children = (
				9B6C97DA24922BBD0088EE6F /* JetMananTests.swift */,
				9B6C97DC24922BBD0088EE6F /* Info.plist */,
			);
			path = JetMananTests;
			sourceTree = "<group>";
		};
		9B6C97E424922BBD0088EE6F /* JetMananUITests */ = {
			isa = PBXGroup;
			children = (
				9B6C97E524922BBD0088EE6F /* JetMananUITests.swift */,
				9B6C97E724922BBD0088EE6F /* Info.plist */,
			);
			path = JetMananUITests;
			sourceTree = "<group>";
		};
		9B6C97F32492511C0088EE6F /* Models */ = {
			isa = PBXGroup;
			children = (
				9B6C980C24928F820088EE6F /* Data Model */,
			);
			path = Models;
			sourceTree = "<group>";
		};
		9B6C97F4249251270088EE6F /* Views */ = {
			isa = PBXGroup;
			children = (
				9B6C97FC249252FC0088EE6F /* ArticleDetailCell.swift */,
				9B6C97FD249252FC0088EE6F /* ArticleDetailCell.xib */,
			);
			path = Views;
			sourceTree = "<group>";
		};
		9B6C97F5249251310088EE6F /* ViewModels */ = {
			isa = PBXGroup;
			children = (
				9B6C98192493429C0088EE6F /* ArticleVIewModel.swift */,
			);
			path = ViewModels;
			sourceTree = "<group>";
		};
		9B6C980024925C4D0088EE6F /* ViewControllers */ = {
			isa = PBXGroup;
			children = (
				9B6C980124925C700088EE6F /* ArticleVC.swift */,
			);
			path = ViewControllers;
			sourceTree = "<group>";
		};
		9B6C980324928D100088EE6F /* Network */ = {
			isa = PBXGroup;
			children = (
				9B6C981124933FFC0088EE6F /* NetworkManager.swift */,
				9B6C9813249340120088EE6F /* APIData.swift */,
				9B6C9815249340260088EE6F /* URLData.swift */,
				9B6C9817249340380088EE6F /* ImageLoader.swift */,
				9B6C981E24947B820088EE6F /* Rechability.swift */,
			);
			path = Network;
			sourceTree = "<group>";
		};
		9B6C980C24928F820088EE6F /* Data Model */ = {
			isa = PBXGroup;
			children = (
				9B6C980D2493350A0088EE6F /* ArticleDetailModel.swift */,
			);
			path = "Data Model";
			sourceTree = "<group>";
		};
		9B6C981B249401530088EE6F /* Data */ = {
			isa = PBXGroup;
			children = (
				9B6C97C924922BBA0088EE6F /* JetManan.xcdatamodeld */,
				9B6C981C2494016E0088EE6F /* CoreDataManager.swift */,
			);
			path = Data;
			sourceTree = "<group>";
		};
		F0BA51F6A422AFCB71E1767F /* Pods */ = {
			isa = PBXGroup;
			children = (
				78B27DFE813C2776FDFA771C /* Pods-JetManan.debug.xcconfig */,
				48D11D1F131A27E3DE3A99F0 /* Pods-JetManan.release.xcconfig */,
				4F09F7BD9577CABC096D8FF6 /* Pods-JetManan-JetMananUITests.debug.xcconfig */,
				B08785F57F78D45808E8AE79 /* Pods-JetManan-JetMananUITests.release.xcconfig */,
				BA58E7B7D8B8AF4CC6514933 /* Pods-JetMananTests.debug.xcconfig */,
				D4DE17063583D044B8968704 /* Pods-JetMananTests.release.xcconfig */,
			);
			path = Pods;
			sourceTree = "<group>";
		};
		F51A9F8EC6AC182033351F86 /* Frameworks */ = {
			isa = PBXGroup;
			children = (
				67714613788164CA65A93B85 /* Pods_JetManan.framework */,
				273C6303490EA356BAA3D640 /* Pods_JetManan_JetMananUITests.framework */,
				028B6E2DB99D2231E828D320 /* Pods_JetMananTests.framework */,
			);
			name = Frameworks;
			sourceTree = "<group>";
		};
/* End PBXGroup section */

/* Begin PBXNativeTarget section */
		9B6C97BC24922BBA0088EE6F /* JetManan */ = {
			isa = PBXNativeTarget;
			buildConfigurationList = 9B6C97EA24922BBD0088EE6F /* Build configuration list for PBXNativeTarget "JetManan" */;
			buildPhases = (
				9D45DDEA4DAE8FBD49FCB9B5 /* [CP] Check Pods Manifest.lock */,
				9B6C97B924922BBA0088EE6F /* Sources */,
				9B6C97BA24922BBA0088EE6F /* Frameworks */,
				9B6C97BB24922BBA0088EE6F /* Resources */,
				CE2AAE786EC8A327903907C8 /* [CP] Embed Pods Frameworks */,
			);
			buildRules = (
			);
			dependencies = (
			);
			name = JetManan;
			productName = JetManan;
			productReference = 9B6C97BD24922BBA0088EE6F /* JetManan.app */;
			productType = "com.apple.product-type.application";
		};
		9B6C97D524922BBD0088EE6F /* JetMananTests */ = {
			isa = PBXNativeTarget;
			buildConfigurationList = 9B6C97ED24922BBD0088EE6F /* Build configuration list for PBXNativeTarget "JetMananTests" */;
			buildPhases = (
				5FE17950CF29230813CCFE17 /* [CP] Check Pods Manifest.lock */,
				9B6C97D224922BBD0088EE6F /* Sources */,
				9B6C97D324922BBD0088EE6F /* Frameworks */,
				9B6C97D424922BBD0088EE6F /* Resources */,
			);
			buildRules = (
			);
			dependencies = (
				9B6C97D824922BBD0088EE6F /* PBXTargetDependency */,
			);
			name = JetMananTests;
			productName = JetMananTests;
			productReference = 9B6C97D624922BBD0088EE6F /* JetMananTests.xctest */;
			productType = "com.apple.product-type.bundle.unit-test";
		};
		9B6C97E024922BBD0088EE6F /* JetMananUITests */ = {
			isa = PBXNativeTarget;
			buildConfigurationList = 9B6C97F024922BBD0088EE6F /* Build configuration list for PBXNativeTarget "JetMananUITests" */;
			buildPhases = (
				5A383928C679C163BA46A3BD /* [CP] Check Pods Manifest.lock */,
				9B6C97DD24922BBD0088EE6F /* Sources */,
				9B6C97DE24922BBD0088EE6F /* Frameworks */,
				9B6C97DF24922BBD0088EE6F /* Resources */,
				55CBB2AA55B68E1195425A83 /* [CP] Embed Pods Frameworks */,
			);
			buildRules = (
			);
			dependencies = (
				9B6C97E324922BBD0088EE6F /* PBXTargetDependency */,
			);
			name = JetMananUITests;
			productName = JetMananUITests;
			productReference = 9B6C97E124922BBD0088EE6F /* JetMananUITests.xctest */;
			productType = "com.apple.product-type.bundle.ui-testing";
		};
/* End PBXNativeTarget section */

/* Begin PBXProject section */
		9B6C97B524922BBA0088EE6F /* Project object */ = {
			isa = PBXProject;
			attributes = {
				LastSwiftUpdateCheck = 1130;
				LastUpgradeCheck = 1130;
				ORGANIZATIONNAME = ms;
				TargetAttributes = {
					9B6C97BC24922BBA0088EE6F = {
						CreatedOnToolsVersion = 11.3;
					};
					9B6C97D524922BBD0088EE6F = {
						CreatedOnToolsVersion = 11.3;
						TestTargetID = 9B6C97BC24922BBA0088EE6F;
					};
					9B6C97E024922BBD0088EE6F = {
						CreatedOnToolsVersion = 11.3;
						TestTargetID = 9B6C97BC24922BBA0088EE6F;
					};
				};
			};
			buildConfigurationList = 9B6C97B824922BBA0088EE6F /* Build configuration list for PBXProject "JetManan" */;
			compatibilityVersion = "Xcode 9.3";
			developmentRegion = en;
			hasScannedForEncodings = 0;
			knownRegions = (
				en,
				Base,
			);
			mainGroup = 9B6C97B424922BBA0088EE6F;
			productRefGroup = 9B6C97BE24922BBA0088EE6F /* Products */;
			projectDirPath = "";
			projectRoot = "";
			targets = (
				9B6C97BC24922BBA0088EE6F /* JetManan */,
				9B6C97D524922BBD0088EE6F /* JetMananTests */,
				9B6C97E024922BBD0088EE6F /* JetMananUITests */,
			);
		};
/* End PBXProject section */

/* Begin PBXResourcesBuildPhase section */
		9B6C97BB24922BBA0088EE6F /* Resources */ = {
			isa = PBXResourcesBuildPhase;
			buildActionMask = 2147483647;
			files = (
				9B6C97D024922BBD0088EE6F /* LaunchScreen.storyboard in Resources */,
				9B6C97FF249252FC0088EE6F /* ArticleDetailCell.xib in Resources */,
				9B6C97CD24922BBD0088EE6F /* Assets.xcassets in Resources */,
				9B6C97C824922BBA0088EE6F /* Main.storyboard in Resources */,
			);
			runOnlyForDeploymentPostprocessing = 0;
		};
		9B6C97D424922BBD0088EE6F /* Resources */ = {
			isa = PBXResourcesBuildPhase;
			buildActionMask = 2147483647;
			files = (
			);
			runOnlyForDeploymentPostprocessing = 0;
		};
		9B6C97DF24922BBD0088EE6F /* Resources */ = {
			isa = PBXResourcesBuildPhase;
			buildActionMask = 2147483647;
			files = (
			);
			runOnlyForDeploymentPostprocessing = 0;
		};
/* End PBXResourcesBuildPhase section */

/* Begin PBXShellScriptBuildPhase section */
		55CBB2AA55B68E1195425A83 /* [CP] Embed Pods Frameworks */ = {
			isa = PBXShellScriptBuildPhase;
			buildActionMask = 2147483647;
			files = (
			);
			inputFileListPaths = (
				"${PODS_ROOT}/Target Support Files/Pods-JetManan-JetMananUITests/Pods-JetManan-JetMananUITests-frameworks-${CONFIGURATION}-input-files.xcfilelist",
			);
			name = "[CP] Embed Pods Frameworks";
			outputFileListPaths = (
				"${PODS_ROOT}/Target Support Files/Pods-JetManan-JetMananUITests/Pods-JetManan-JetMananUITests-frameworks-${CONFIGURATION}-output-files.xcfilelist",
			);
			runOnlyForDeploymentPostprocessing = 0;
			shellPath = /bin/sh;
			shellScript = "\"${PODS_ROOT}/Target Support Files/Pods-JetManan-JetMananUITests/Pods-JetManan-JetMananUITests-frameworks.sh\"\n";
			showEnvVarsInLog = 0;
		};
		5A383928C679C163BA46A3BD /* [CP] Check Pods Manifest.lock */ = {
			isa = PBXShellScriptBuildPhase;
			buildActionMask = 2147483647;
			files = (
			);
			inputFileListPaths = (
			);
			inputPaths = (
				"${PODS_PODFILE_DIR_PATH}/Podfile.lock",
				"${PODS_ROOT}/Manifest.lock",
			);
			name = "[CP] Check Pods Manifest.lock";
			outputFileListPaths = (
			);
			outputPaths = (
				"$(DERIVED_FILE_DIR)/Pods-JetManan-JetMananUITests-checkManifestLockResult.txt",
			);
			runOnlyForDeploymentPostprocessing = 0;
			shellPath = /bin/sh;
			shellScript = "diff \"${PODS_PODFILE_DIR_PATH}/Podfile.lock\" \"${PODS_ROOT}/Manifest.lock\" > /dev/null\nif [ $? != 0 ] ; then\n    # print error to STDERR\n    echo \"error: The sandbox is not in sync with the Podfile.lock. Run 'pod install' or update your CocoaPods installation.\" >&2\n    exit 1\nfi\n# This output is used by Xcode 'outputs' to avoid re-running this script phase.\necho \"SUCCESS\" > \"${SCRIPT_OUTPUT_FILE_0}\"\n";
			showEnvVarsInLog = 0;
		};
		5FE17950CF29230813CCFE17 /* [CP] Check Pods Manifest.lock */ = {
			isa = PBXShellScriptBuildPhase;
			buildActionMask = 2147483647;
			files = (
			);
			inputFileListPaths = (
			);
			inputPaths = (
				"${PODS_PODFILE_DIR_PATH}/Podfile.lock",
				"${PODS_ROOT}/Manifest.lock",
			);
			name = "[CP] Check Pods Manifest.lock";
			outputFileListPaths = (
			);
			outputPaths = (
				"$(DERIVED_FILE_DIR)/Pods-JetMananTests-checkManifestLockResult.txt",
			);
			runOnlyForDeploymentPostprocessing = 0;
			shellPath = /bin/sh;
			shellScript = "diff \"${PODS_PODFILE_DIR_PATH}/Podfile.lock\" \"${PODS_ROOT}/Manifest.lock\" > /dev/null\nif [ $? != 0 ] ; then\n    # print error to STDERR\n    echo \"error: The sandbox is not in sync with the Podfile.lock. Run 'pod install' or update your CocoaPods installation.\" >&2\n    exit 1\nfi\n# This output is used by Xcode 'outputs' to avoid re-running this script phase.\necho \"SUCCESS\" > \"${SCRIPT_OUTPUT_FILE_0}\"\n";
			showEnvVarsInLog = 0;
		};
		9D45DDEA4DAE8FBD49FCB9B5 /* [CP] Check Pods Manifest.lock */ = {
			isa = PBXShellScriptBuildPhase;
			buildActionMask = 2147483647;
			files = (
			);
			inputFileListPaths = (
			);
			inputPaths = (
				"${PODS_PODFILE_DIR_PATH}/Podfile.lock",
				"${PODS_ROOT}/Manifest.lock",
			);
			name = "[CP] Check Pods Manifest.lock";
			outputFileListPaths = (
			);
			outputPaths = (
				"$(DERIVED_FILE_DIR)/Pods-JetManan-checkManifestLockResult.txt",
			);
			runOnlyForDeploymentPostprocessing = 0;
			shellPath = /bin/sh;
			shellScript = "diff \"${PODS_PODFILE_DIR_PATH}/Podfile.lock\" \"${PODS_ROOT}/Manifest.lock\" > /dev/null\nif [ $? != 0 ] ; then\n    # print error to STDERR\n    echo \"error: The sandbox is not in sync with the Podfile.lock. Run 'pod install' or update your CocoaPods installation.\" >&2\n    exit 1\nfi\n# This output is used by Xcode 'outputs' to avoid re-running this script phase.\necho \"SUCCESS\" > \"${SCRIPT_OUTPUT_FILE_0}\"\n";
			showEnvVarsInLog = 0;
		};
		CE2AAE786EC8A327903907C8 /* [CP] Embed Pods Frameworks */ = {
			isa = PBXShellScriptBuildPhase;
			buildActionMask = 2147483647;
			files = (
			);
			inputFileListPaths = (
				"${PODS_ROOT}/Target Support Files/Pods-JetManan/Pods-JetManan-frameworks-${CONFIGURATION}-input-files.xcfilelist",
			);
			name = "[CP] Embed Pods Frameworks";
			outputFileListPaths = (
				"${PODS_ROOT}/Target Support Files/Pods-JetManan/Pods-JetManan-frameworks-${CONFIGURATION}-output-files.xcfilelist",
			);
			runOnlyForDeploymentPostprocessing = 0;
			shellPath = /bin/sh;
			shellScript = "\"${PODS_ROOT}/Target Support Files/Pods-JetManan/Pods-JetManan-frameworks.sh\"\n";
			showEnvVarsInLog = 0;
		};
/* End PBXShellScriptBuildPhase section */

/* Begin PBXSourcesBuildPhase section */
		9B6C97B924922BBA0088EE6F /* Sources */ = {
			isa = PBXSourcesBuildPhase;
			buildActionMask = 2147483647;
			files = (
				9B6C980224925C700088EE6F /* ArticleVC.swift in Sources */,
				9B6C980E2493350A0088EE6F /* ArticleDetailModel.swift in Sources */,
				9B6C981F24947B820088EE6F /* Rechability.swift in Sources */,
				9B6C9814249340120088EE6F /* APIData.swift in Sources */,
				9B6C97C124922BBA0088EE6F /* AppDelegate.swift in Sources */,
				9B6C981A2493429C0088EE6F /* ArticleVIewModel.swift in Sources */,
				9B6C9818249340380088EE6F /* ImageLoader.swift in Sources */,
				9B6C981D2494016E0088EE6F /* CoreDataManager.swift in Sources */,
				9B6C981224933FFC0088EE6F /* NetworkManager.swift in Sources */,
				9B6C97C324922BBA0088EE6F /* SceneDelegate.swift in Sources */,
				9B6C97FE249252FC0088EE6F /* ArticleDetailCell.swift in Sources */,
				9B6C97CB24922BBA0088EE6F /* JetManan.xcdatamodeld in Sources */,
				9B6C9816249340260088EE6F /* URLData.swift in Sources */,
			);
			runOnlyForDeploymentPostprocessing = 0;
		};
		9B6C97D224922BBD0088EE6F /* Sources */ = {
			isa = PBXSourcesBuildPhase;
			buildActionMask = 2147483647;
			files = (
				9B6C97DB24922BBD0088EE6F /* JetMananTests.swift in Sources */,
			);
			runOnlyForDeploymentPostprocessing = 0;
		};
		9B6C97DD24922BBD0088EE6F /* Sources */ = {
			isa = PBXSourcesBuildPhase;
			buildActionMask = 2147483647;
			files = (
				9B6C97E624922BBD0088EE6F /* JetMananUITests.swift in Sources */,
			);
			runOnlyForDeploymentPostprocessing = 0;
		};
/* End PBXSourcesBuildPhase section */

/* Begin PBXTargetDependency section */
		9B6C97D824922BBD0088EE6F /* PBXTargetDependency */ = {
			isa = PBXTargetDependency;
			target = 9B6C97BC24922BBA0088EE6F /* JetManan */;
			targetProxy = 9B6C97D724922BBD0088EE6F /* PBXContainerItemProxy */;
		};
		9B6C97E324922BBD0088EE6F /* PBXTargetDependency */ = {
			isa = PBXTargetDependency;
			target = 9B6C97BC24922BBA0088EE6F /* JetManan */;
			targetProxy = 9B6C97E224922BBD0088EE6F /* PBXContainerItemProxy */;
		};
/* End PBXTargetDependency section */

/* Begin PBXVariantGroup section */
		9B6C97C624922BBA0088EE6F /* Main.storyboard */ = {
			isa = PBXVariantGroup;
			children = (
				9B6C97C724922BBA0088EE6F /* Base */,
			);
			name = Main.storyboard;
			sourceTree = "<group>";
		};
		9B6C97CE24922BBD0088EE6F /* LaunchScreen.storyboard */ = {
			isa = PBXVariantGroup;
			children = (
				9B6C97CF24922BBD0088EE6F /* Base */,
			);
			name = LaunchScreen.storyboard;
			sourceTree = "<group>";
		};
/* End PBXVariantGroup section */

/* Begin XCBuildConfiguration section */
		9B6C97E824922BBD0088EE6F /* Debug */ = {
			isa = XCBuildConfiguration;
			buildSettings = {
				ALWAYS_SEARCH_USER_PATHS = NO;
				CLANG_ANALYZER_NONNULL = YES;
				CLANG_ANALYZER_NUMBER_OBJECT_CONVERSION = YES_AGGRESSIVE;
				CLANG_CXX_LANGUAGE_STANDARD = "gnu++14";
				CLANG_CXX_LIBRARY = "libc++";
				CLANG_ENABLE_MODULES = YES;
				CLANG_ENABLE_OBJC_ARC = YES;
				CLANG_ENABLE_OBJC_WEAK = YES;
				CLANG_WARN_BLOCK_CAPTURE_AUTORELEASING = YES;
				CLANG_WARN_BOOL_CONVERSION = YES;
				CLANG_WARN_COMMA = YES;
				CLANG_WARN_CONSTANT_CONVERSION = YES;
				CLANG_WARN_DEPRECATED_OBJC_IMPLEMENTATIONS = YES;
				CLANG_WARN_DIRECT_OBJC_ISA_USAGE = YES_ERROR;
				CLANG_WARN_DOCUMENTATION_COMMENTS = YES;
				CLANG_WARN_EMPTY_BODY = YES;
				CLANG_WARN_ENUM_CONVERSION = YES;
				CLANG_WARN_INFINITE_RECURSION = YES;
				CLANG_WARN_INT_CONVERSION = YES;
				CLANG_WARN_NON_LITERAL_NULL_CONVERSION = YES;
				CLANG_WARN_OBJC_IMPLICIT_RETAIN_SELF = YES;
				CLANG_WARN_OBJC_LITERAL_CONVERSION = YES;
				CLANG_WARN_OBJC_ROOT_CLASS = YES_ERROR;
				CLANG_WARN_RANGE_LOOP_ANALYSIS = YES;
				CLANG_WARN_STRICT_PROTOTYPES = YES;
				CLANG_WARN_SUSPICIOUS_MOVE = YES;
				CLANG_WARN_UNGUARDED_AVAILABILITY = YES_AGGRESSIVE;
				CLANG_WARN_UNREACHABLE_CODE = YES;
				CLANG_WARN__DUPLICATE_METHOD_MATCH = YES;
				COPY_PHASE_STRIP = NO;
				DEBUG_INFORMATION_FORMAT = dwarf;
				ENABLE_STRICT_OBJC_MSGSEND = YES;
				ENABLE_TESTABILITY = YES;
				GCC_C_LANGUAGE_STANDARD = gnu11;
				GCC_DYNAMIC_NO_PIC = NO;
				GCC_NO_COMMON_BLOCKS = YES;
				GCC_OPTIMIZATION_LEVEL = 0;
				GCC_PREPROCESSOR_DEFINITIONS = (
					"DEBUG=1",
					"$(inherited)",
				);
				GCC_WARN_64_TO_32_BIT_CONVERSION = YES;
				GCC_WARN_ABOUT_RETURN_TYPE = YES_ERROR;
				GCC_WARN_UNDECLARED_SELECTOR = YES;
				GCC_WARN_UNINITIALIZED_AUTOS = YES_AGGRESSIVE;
				GCC_WARN_UNUSED_FUNCTION = YES;
				GCC_WARN_UNUSED_VARIABLE = YES;
				IPHONEOS_DEPLOYMENT_TARGET = 13.2;
				MTL_ENABLE_DEBUG_INFO = INCLUDE_SOURCE;
				MTL_FAST_MATH = YES;
				ONLY_ACTIVE_ARCH = YES;
				SDKROOT = iphoneos;
				SWIFT_ACTIVE_COMPILATION_CONDITIONS = DEBUG;
				SWIFT_OPTIMIZATION_LEVEL = "-Onone";
			};
			name = Debug;
		};
		9B6C97E924922BBD0088EE6F /* Release */ = {
			isa = XCBuildConfiguration;
			buildSettings = {
				ALWAYS_SEARCH_USER_PATHS = NO;
				CLANG_ANALYZER_NONNULL = YES;
				CLANG_ANALYZER_NUMBER_OBJECT_CONVERSION = YES_AGGRESSIVE;
				CLANG_CXX_LANGUAGE_STANDARD = "gnu++14";
				CLANG_CXX_LIBRARY = "libc++";
				CLANG_ENABLE_MODULES = YES;
				CLANG_ENABLE_OBJC_ARC = YES;
				CLANG_ENABLE_OBJC_WEAK = YES;
				CLANG_WARN_BLOCK_CAPTURE_AUTORELEASING = YES;
				CLANG_WARN_BOOL_CONVERSION = YES;
				CLANG_WARN_COMMA = YES;
				CLANG_WARN_CONSTANT_CONVERSION = YES;
				CLANG_WARN_DEPRECATED_OBJC_IMPLEMENTATIONS = YES;
				CLANG_WARN_DIRECT_OBJC_ISA_USAGE = YES_ERROR;
				CLANG_WARN_DOCUMENTATION_COMMENTS = YES;
				CLANG_WARN_EMPTY_BODY = YES;
				CLANG_WARN_ENUM_CONVERSION = YES;
				CLANG_WARN_INFINITE_RECURSION = YES;
				CLANG_WARN_INT_CONVERSION = YES;
				CLANG_WARN_NON_LITERAL_NULL_CONVERSION = YES;
				CLANG_WARN_OBJC_IMPLICIT_RETAIN_SELF = YES;
				CLANG_WARN_OBJC_LITERAL_CONVERSION = YES;
				CLANG_WARN_OBJC_ROOT_CLASS = YES_ERROR;
				CLANG_WARN_RANGE_LOOP_ANALYSIS = YES;
				CLANG_WARN_STRICT_PROTOTYPES = YES;
				CLANG_WARN_SUSPICIOUS_MOVE = YES;
				CLANG_WARN_UNGUARDED_AVAILABILITY = YES_AGGRESSIVE;
				CLANG_WARN_UNREACHABLE_CODE = YES;
				CLANG_WARN__DUPLICATE_METHOD_MATCH = YES;
				COPY_PHASE_STRIP = NO;
				DEBUG_INFORMATION_FORMAT = "dwarf-with-dsym";
				ENABLE_NS_ASSERTIONS = NO;
				ENABLE_STRICT_OBJC_MSGSEND = YES;
				GCC_C_LANGUAGE_STANDARD = gnu11;
				GCC_NO_COMMON_BLOCKS = YES;
				GCC_WARN_64_TO_32_BIT_CONVERSION = YES;
				GCC_WARN_ABOUT_RETURN_TYPE = YES_ERROR;
				GCC_WARN_UNDECLARED_SELECTOR = YES;
				GCC_WARN_UNINITIALIZED_AUTOS = YES_AGGRESSIVE;
				GCC_WARN_UNUSED_FUNCTION = YES;
				GCC_WARN_UNUSED_VARIABLE = YES;
				IPHONEOS_DEPLOYMENT_TARGET = 13.2;
				MTL_ENABLE_DEBUG_INFO = NO;
				MTL_FAST_MATH = YES;
				SDKROOT = iphoneos;
				SWIFT_COMPILATION_MODE = wholemodule;
				SWIFT_OPTIMIZATION_LEVEL = "-O";
				VALIDATE_PRODUCT = YES;
			};
			name = Release;
		};
		9B6C97EB24922BBD0088EE6F /* Debug */ = {
			isa = XCBuildConfiguration;
			baseConfigurationReference = 78B27DFE813C2776FDFA771C /* Pods-JetManan.debug.xcconfig */;
			buildSettings = {
				ASSETCATALOG_COMPILER_APPICON_NAME = AppIcon;
				CODE_SIGN_STYLE = Automatic;
				INFOPLIST_FILE = JetManan/Info.plist;
				LD_RUNPATH_SEARCH_PATHS = (
					"$(inherited)",
					"@executable_path/Frameworks",
				);
				PRODUCT_BUNDLE_IDENTIFIER = com.ms.JetManan;
				PRODUCT_NAME = "$(TARGET_NAME)";
				SWIFT_VERSION = 5.0;
				TARGETED_DEVICE_FAMILY = "1,2";
			};
			name = Debug;
		};
		9B6C97EC24922BBD0088EE6F /* Release */ = {
			isa = XCBuildConfiguration;
			baseConfigurationReference = 48D11D1F131A27E3DE3A99F0 /* Pods-JetManan.release.xcconfig */;
			buildSettings = {
				ASSETCATALOG_COMPILER_APPICON_NAME = AppIcon;
				CODE_SIGN_STYLE = Automatic;
				INFOPLIST_FILE = JetManan/Info.plist;
				LD_RUNPATH_SEARCH_PATHS = (
					"$(inherited)",
					"@executable_path/Frameworks",
				);
				PRODUCT_BUNDLE_IDENTIFIER = com.ms.JetManan;
				PRODUCT_NAME = "$(TARGET_NAME)";
				SWIFT_VERSION = 5.0;
				TARGETED_DEVICE_FAMILY = "1,2";
			};
			name = Release;
		};
		9B6C97EE24922BBD0088EE6F /* Debug */ = {
			isa = XCBuildConfiguration;
			baseConfigurationReference = BA58E7B7D8B8AF4CC6514933 /* Pods-JetMananTests.debug.xcconfig */;
			buildSettings = {
				ALWAYS_EMBED_SWIFT_STANDARD_LIBRARIES = YES;
				BUNDLE_LOADER = "$(TEST_HOST)";
				CODE_SIGN_STYLE = Automatic;
				INFOPLIST_FILE = JetMananTests/Info.plist;
				IPHONEOS_DEPLOYMENT_TARGET = 13.2;
				LD_RUNPATH_SEARCH_PATHS = (
					"$(inherited)",
					"@executable_path/Frameworks",
					"@loader_path/Frameworks",
				);
				PRODUCT_BUNDLE_IDENTIFIER = com.ms.JetMananTests;
				PRODUCT_NAME = "$(TARGET_NAME)";
				SWIFT_VERSION = 5.0;
				TARGETED_DEVICE_FAMILY = "1,2";
				TEST_HOST = "$(BUILT_PRODUCTS_DIR)/JetManan.app/JetManan";
			};
			name = Debug;
		};
		9B6C97EF24922BBD0088EE6F /* Release */ = {
			isa = XCBuildConfiguration;
			baseConfigurationReference = D4DE17063583D044B8968704 /* Pods-JetMananTests.release.xcconfig */;
			buildSettings = {
				ALWAYS_EMBED_SWIFT_STANDARD_LIBRARIES = YES;
				BUNDLE_LOADER = "$(TEST_HOST)";
				CODE_SIGN_STYLE = Automatic;
				INFOPLIST_FILE = JetMananTests/Info.plist;
				IPHONEOS_DEPLOYMENT_TARGET = 13.2;
				LD_RUNPATH_SEARCH_PATHS = (
					"$(inherited)",
					"@executable_path/Frameworks",
					"@loader_path/Frameworks",
				);
				PRODUCT_BUNDLE_IDENTIFIER = com.ms.JetMananTests;
				PRODUCT_NAME = "$(TARGET_NAME)";
				SWIFT_VERSION = 5.0;
				TARGETED_DEVICE_FAMILY = "1,2";
				TEST_HOST = "$(BUILT_PRODUCTS_DIR)/JetManan.app/JetManan";
			};
			name = Release;
		};
		9B6C97F124922BBD0088EE6F /* Debug */ = {
			isa = XCBuildConfiguration;
			baseConfigurationReference = 4F09F7BD9577CABC096D8FF6 /* Pods-JetManan-JetMananUITests.debug.xcconfig */;
			buildSettings = {
				ALWAYS_EMBED_SWIFT_STANDARD_LIBRARIES = YES;
				CODE_SIGN_STYLE = Automatic;
				INFOPLIST_FILE = JetMananUITests/Info.plist;
				LD_RUNPATH_SEARCH_PATHS = (
					"$(inherited)",
					"@executable_path/Frameworks",
					"@loader_path/Frameworks",
				);
				PRODUCT_BUNDLE_IDENTIFIER = com.ms.JetMananUITests;
				PRODUCT_NAME = "$(TARGET_NAME)";
				SWIFT_VERSION = 5.0;
				TARGETED_DEVICE_FAMILY = "1,2";
				TEST_TARGET_NAME = JetManan;
			};
			name = Debug;
		};
		9B6C97F224922BBD0088EE6F /* Release */ = {
			isa = XCBuildConfiguration;
			baseConfigurationReference = B08785F57F78D45808E8AE79 /* Pods-JetManan-JetMananUITests.release.xcconfig */;
			buildSettings = {
				ALWAYS_EMBED_SWIFT_STANDARD_LIBRARIES = YES;
				CODE_SIGN_STYLE = Automatic;
				INFOPLIST_FILE = JetMananUITests/Info.plist;
				LD_RUNPATH_SEARCH_PATHS = (
					"$(inherited)",
					"@executable_path/Frameworks",
					"@loader_path/Frameworks",
				);
				PRODUCT_BUNDLE_IDENTIFIER = com.ms.JetMananUITests;
				PRODUCT_NAME = "$(TARGET_NAME)";
				SWIFT_VERSION = 5.0;
				TARGETED_DEVICE_FAMILY = "1,2";
				TEST_TARGET_NAME = JetManan;
			};
			name = Release;
		};
/* End XCBuildConfiguration section */

/* Begin XCConfigurationList section */
		9B6C97B824922BBA0088EE6F /* Build configuration list for PBXProject "JetManan" */ = {
			isa = XCConfigurationList;
			buildConfigurations = (
				9B6C97E824922BBD0088EE6F /* Debug */,
				9B6C97E924922BBD0088EE6F /* Release */,
			);
			defaultConfigurationIsVisible = 0;
			defaultConfigurationName = Release;
		};
		9B6C97EA24922BBD0088EE6F /* Build configuration list for PBXNativeTarget "JetManan" */ = {
			isa = XCConfigurationList;
			buildConfigurations = (
				9B6C97EB24922BBD0088EE6F /* Debug */,
				9B6C97EC24922BBD0088EE6F /* Release */,
			);
			defaultConfigurationIsVisible = 0;
			defaultConfigurationName = Release;
		};
		9B6C97ED24922BBD0088EE6F /* Build configuration list for PBXNativeTarget "JetMananTests" */ = {
			isa = XCConfigurationList;
			buildConfigurations = (
				9B6C97EE24922BBD0088EE6F /* Debug */,
				9B6C97EF24922BBD0088EE6F /* Release */,
			);
			defaultConfigurationIsVisible = 0;
			defaultConfigurationName = Release;
		};
		9B6C97F024922BBD0088EE6F /* Build configuration list for PBXNativeTarget "JetMananUITests" */ = {
			isa = XCConfigurationList;
			buildConfigurations = (
				9B6C97F124922BBD0088EE6F /* Debug */,
				9B6C97F224922BBD0088EE6F /* Release */,
			);
			defaultConfigurationIsVisible = 0;
			defaultConfigurationName = Release;
		};
/* End XCConfigurationList section */

/* Begin XCVersionGroup section */
		9B6C97C924922BBA0088EE6F /* JetManan.xcdatamodeld */ = {
			isa = XCVersionGroup;
			children = (
				9B6C97CA24922BBA0088EE6F /* JetManan.xcdatamodel */,
			);
			currentVersion = 9B6C97CA24922BBA0088EE6F /* JetManan.xcdatamodel */;
			path = JetManan.xcdatamodeld;
			sourceTree = "<group>";
			versionGroupType = wrapper.xcdatamodel;
		};
/* End XCVersionGroup section */
	};
	rootObject = 9B6C97B524922BBA0088EE6F /* Project object */;
}
